
Microsoft Visual Studio Solution File, Format Version 12.00
# Visual Studio Version 16
VisualStudioVersion = 16.0.31624.102
MinimumVisualStudioVersion = 10.0.40219.1
Project("{FAE04EC0-301F-11D3-BF4B-00C04F79EFBC}") = "ConsoleApp2", "ConsoleApp2.csproj", "{CEC1DE17-7357-4F88-8585-18BADFE5BD3D}"
EndProject
Global
	GlobalSection(SolutionConfigurationPlatforms) = preSolution
		Debug|Any CPU = Debug|Any CPU
		Release|Any CPU = Release|Any CPU
	EndGlobalSection
	GlobalSection(ProjectConfigurationPlatforms) = postSolution
		{CEC1DE17-7357-4F88-8585-18BADFE5BD3D}.Debug|Any CPU.ActiveCfg = Debug|Any CPU
		{CEC1DE17-7357-4F88-8585-18BADFE5BD3D}.Debug|Any CPU.Build.0 = Debug|Any CPU
		{CEC1DE17-7357-4F88-8585-18BADFE5BD3D}.Release|Any CPU.ActiveCfg = Release|Any CPU
		{CEC1DE17-7357-4F88-8585-18BADFE5BD3D}.Release|Any CPU.Build.0 = Release|Any CPU
	EndGlobalSection
	GlobalSection(SolutionProperties) = preSolution
		HideSolutionNode = FALSE
	EndGlobalSection
	GlobalSection(ExtensibilityGlobals) = postSolution
		SolutionGuid = {3D1EB99A-28BD-4C44-AD88-4EC51A887768}
	EndGlobalSection
EndGlobal
