
Microsoft Visual Studio Solution File, Format Version 12.00
# Visual Studio Version 17
VisualStudioVersion = 17.4.33205.214
MinimumVisualStudioVersion = 10.0.40219.1
Project("{9A19103F-16F7-4668-BE54-9A1E7A4F7556}") = "Klient", "Klient.csproj", "{37EB0357-977E-48A7-950D-D4ED25F36FCF}"
EndProject
Global
	GlobalSection(SolutionConfigurationPlatforms) = preSolution
		Debug|Any CPU = Debug|Any CPU
		Release|Any CPU = Release|Any CPU
	EndGlobalSection
	GlobalSection(ProjectConfigurationPlatforms) = postSolution
		{37EB0357-977E-48A7-950D-D4ED25F36FCF}.Debug|Any CPU.ActiveCfg = Debug|Any CPU
		{37EB0357-977E-48A7-950D-D4ED25F36FCF}.Debug|Any CPU.Build.0 = Debug|Any CPU
		{37EB0357-977E-48A7-950D-D4ED25F36FCF}.Release|Any CPU.ActiveCfg = Release|Any CPU
		{37EB0357-977E-48A7-950D-D4ED25F36FCF}.Release|Any CPU.Build.0 = Release|Any CPU
	EndGlobalSection
	GlobalSection(SolutionProperties) = preSolution
		HideSolutionNode = FALSE
	EndGlobalSection
	GlobalSection(ExtensibilityGlobals) = postSolution
		SolutionGuid = {2832BE79-B690-481C-B6D4-CDBF83482B6A}
	EndGlobalSection
EndGlobal
