
Microsoft Visual Studio Solution File, Format Version 12.00
# Visual Studio Version 17
VisualStudioVersion = 17.2.32602.215
MinimumVisualStudioVersion = 10.0.40219.1
Project("{9A19103F-16F7-4668-BE54-9A1E7A4F7556}") = "Koisa", "Koisa.csproj", "{219390F1-027B-4C26-BD60-A4B3256D42CD}"
EndProject
Global
	GlobalSection(SolutionConfigurationPlatforms) = preSolution
		Debug|Any CPU = Debug|Any CPU
		Release|Any CPU = Release|Any CPU
	EndGlobalSection
	GlobalSection(ProjectConfigurationPlatforms) = postSolution
		{219390F1-027B-4C26-BD60-A4B3256D42CD}.Debug|Any CPU.ActiveCfg = Debug|Any CPU
		{219390F1-027B-4C26-BD60-A4B3256D42CD}.Debug|Any CPU.Build.0 = Debug|Any CPU
		{219390F1-027B-4C26-BD60-A4B3256D42CD}.Release|Any CPU.ActiveCfg = Release|Any CPU
		{219390F1-027B-4C26-BD60-A4B3256D42CD}.Release|Any CPU.Build.0 = Release|Any CPU
	EndGlobalSection
	GlobalSection(SolutionProperties) = preSolution
		HideSolutionNode = FALSE
	EndGlobalSection
	GlobalSection(ExtensibilityGlobals) = postSolution
		SolutionGuid = {3397E2BB-6332-49B7-8730-54D94414FB6F}
	EndGlobalSection
EndGlobal
