
Microsoft Visual Studio Solution File, Format Version 12.00
# Visual Studio Version 16
VisualStudioVersion = 16.0.31624.102
MinimumVisualStudioVersion = 10.0.40219.1
Project("{FAE04EC0-301F-11D3-BF4B-00C04F79EFBC}") = "ConsoleApp1", "ConsoleApp1.csproj", "{8FDA98D8-F448-4315-9F0E-A920124B5E09}"
EndProject
Global
	GlobalSection(SolutionConfigurationPlatforms) = preSolution
		Debug|Any CPU = Debug|Any CPU
		Release|Any CPU = Release|Any CPU
	EndGlobalSection
	GlobalSection(ProjectConfigurationPlatforms) = postSolution
		{8FDA98D8-F448-4315-9F0E-A920124B5E09}.Debug|Any CPU.ActiveCfg = Debug|Any CPU
		{8FDA98D8-F448-4315-9F0E-A920124B5E09}.Debug|Any CPU.Build.0 = Debug|Any CPU
		{8FDA98D8-F448-4315-9F0E-A920124B5E09}.Release|Any CPU.ActiveCfg = Release|Any CPU
		{8FDA98D8-F448-4315-9F0E-A920124B5E09}.Release|Any CPU.Build.0 = Release|Any CPU
	EndGlobalSection
	GlobalSection(SolutionProperties) = preSolution
		HideSolutionNode = FALSE
	EndGlobalSection
	GlobalSection(ExtensibilityGlobals) = postSolution
		SolutionGuid = {03787C4E-6839-472E-AB5A-49C15075207D}
	EndGlobalSection
EndGlobal
