
Microsoft Visual Studio Solution File, Format Version 12.00
# Visual Studio Version 16
VisualStudioVersion = 16.0.31702.278
MinimumVisualStudioVersion = 10.0.40219.1
Project("{FAE04EC0-301F-11D3-BF4B-00C04F79EFBC}") = "ConsoleApp1", "ConsoleApp1\ConsoleApp1.csproj", "{E27C40DB-7856-449A-814D-BC84E6F8704C}"
EndProject
Global
	GlobalSection(SolutionConfigurationPlatforms) = preSolution
		Debug|Any CPU = Debug|Any CPU
		Release|Any CPU = Release|Any CPU
	EndGlobalSection
	GlobalSection(ProjectConfigurationPlatforms) = postSolution
		{E27C40DB-7856-449A-814D-BC84E6F8704C}.Debug|Any CPU.ActiveCfg = Debug|Any CPU
		{E27C40DB-7856-449A-814D-BC84E6F8704C}.Debug|Any CPU.Build.0 = Debug|Any CPU
		{E27C40DB-7856-449A-814D-BC84E6F8704C}.Release|Any CPU.ActiveCfg = Release|Any CPU
		{E27C40DB-7856-449A-814D-BC84E6F8704C}.Release|Any CPU.Build.0 = Release|Any CPU
	EndGlobalSection
	GlobalSection(SolutionProperties) = preSolution
		HideSolutionNode = FALSE
	EndGlobalSection
	GlobalSection(ExtensibilityGlobals) = postSolution
		SolutionGuid = {C3730D1C-10D8-448E-A315-F29770231DD5}
	EndGlobalSection
EndGlobal
